
Microsoft Visual Studio Solution File, Format Version 12.00
# Visual Studio 2013
Project("{FAE04EC0-301F-11D3-BF4B-00C04F79EFBC}") = "UnityVS.TheReallyReallySuperSecretGamev3.CSharp.Editor", "UnityVS.TheReallyReallySuperSecretGamev3.CSharp.Editor.csproj", "{C3D1D297-C6C3-BEB1-0C0C-95B6BB627E85}"
EndProject
Project("{FAE04EC0-301F-11D3-BF4B-00C04F79EFBC}") = "UnityVS.TheReallyReallySuperSecretGamev3.CSharp", "UnityVS.TheReallyReallySuperSecretGamev3.CSharp.csproj", "{85FC9384-97E9-1796-5760-B0243810CAA7}"
EndProject
Global
	GlobalSection(SolutionConfigurationPlatforms) = preSolution
		Debug|Any CPU = Debug|Any CPU
		Release|Any CPU = Release|Any CPU
	EndGlobalSection
	GlobalSection(ProjectConfigurationPlatforms) = postSolution
		{C3D1D297-C6C3-BEB1-0C0C-95B6BB627E85}.Debug|Any CPU.ActiveCfg = Debug|Any CPU
		{C3D1D297-C6C3-BEB1-0C0C-95B6BB627E85}.Debug|Any CPU.Build.0 = Debug|Any CPU
		{C3D1D297-C6C3-BEB1-0C0C-95B6BB627E85}.Release|Any CPU.ActiveCfg = Release|Any CPU
		{C3D1D297-C6C3-BEB1-0C0C-95B6BB627E85}.Release|Any CPU.Build.0 = Release|Any CPU
		{85FC9384-97E9-1796-5760-B0243810CAA7}.Debug|Any CPU.ActiveCfg = Debug|Any CPU
		{85FC9384-97E9-1796-5760-B0243810CAA7}.Debug|Any CPU.Build.0 = Debug|Any CPU
		{85FC9384-97E9-1796-5760-B0243810CAA7}.Release|Any CPU.ActiveCfg = Release|Any CPU
		{85FC9384-97E9-1796-5760-B0243810CAA7}.Release|Any CPU.Build.0 = Release|Any CPU
	EndGlobalSection
	GlobalSection(SolutionProperties) = preSolution
		HideSolutionNode = FALSE
	EndGlobalSection
EndGlobal
